
Microsoft Visual Studio Solution File, Format Version 12.00
# Visual Studio Version 16
VisualStudioVersion = 16.0.31105.61
MinimumVisualStudioVersion = 10.0.40219.1
Project("{FAE04EC0-301F-11D3-BF4B-00C04F79EFBC}") = "RecruitmentTasks", "RecruitmentTasks.csproj", "{AF671A72-8557-436A-95ED-F75BF1B53954}"
EndProject
Project("{FAE04EC0-301F-11D3-BF4B-00C04F79EFBC}") = "RecruitmentTasks.UnitTests", "..\RecruitmentTasks.UnitTests\RecruitmentTasks.UnitTests.csproj", "{0DEDD346-A4C1-45B8-B956-F0C15ACE0F68}"
EndProject
Global
	GlobalSection(SolutionConfigurationPlatforms) = preSolution
		Debug|Any CPU = Debug|Any CPU
		Release|Any CPU = Release|Any CPU
	EndGlobalSection
	GlobalSection(ProjectConfigurationPlatforms) = postSolution
		{AF671A72-8557-436A-95ED-F75BF1B53954}.Debug|Any CPU.ActiveCfg = Debug|Any CPU
		{AF671A72-8557-436A-95ED-F75BF1B53954}.Debug|Any CPU.Build.0 = Debug|Any CPU
		{AF671A72-8557-436A-95ED-F75BF1B53954}.Release|Any CPU.ActiveCfg = Release|Any CPU
		{AF671A72-8557-436A-95ED-F75BF1B53954}.Release|Any CPU.Build.0 = Release|Any CPU
		{0DEDD346-A4C1-45B8-B956-F0C15ACE0F68}.Debug|Any CPU.ActiveCfg = Debug|Any CPU
		{0DEDD346-A4C1-45B8-B956-F0C15ACE0F68}.Debug|Any CPU.Build.0 = Debug|Any CPU
		{0DEDD346-A4C1-45B8-B956-F0C15ACE0F68}.Release|Any CPU.ActiveCfg = Release|Any CPU
		{0DEDD346-A4C1-45B8-B956-F0C15ACE0F68}.Release|Any CPU.Build.0 = Release|Any CPU
	EndGlobalSection
	GlobalSection(SolutionProperties) = preSolution
		HideSolutionNode = FALSE
	EndGlobalSection
	GlobalSection(ExtensibilityGlobals) = postSolution
		SolutionGuid = {08BD5AFE-FB5F-4C1B-9560-5AAAF5250A70}
	EndGlobalSection
EndGlobal
